lockfileVersion: '6.0'

settings:
  autoInstallPeers: true
  excludeLinksFromLockfile: false

devDependencies:
  turbo:
    specifier: ^1.10.12
    version: 1.10.12

packages:

  /turbo-darwin-64@1.10.12:
    resolution: {integrity: sha512-vmDfGVPl5/aFenAbOj3eOx3ePNcWVUyZwYr7taRl0ZBbmv2TzjRiFotO4vrKCiTVnbqjQqAFQWY2ugbqCI1kOQ==}
    cpu: [x64]
    os: [darwin]
    requiresBuild: true
    dev: true
    optional: true

  /turbo-darwin-arm64@1.10.12:
    resolution: {integrity: sha512-3JliEESLNX2s7g54SOBqqkqJ7UhcOGkS0ywMr5SNuvF6kWVTbuUq7uBU/sVbGq8RwvK1ONlhPvJne5MUqBCTCQ==}
    cpu: [arm64]
    os: [darwin]
    requiresBuild: true
    dev: true
    optional: true

  /turbo-linux-64@1.10.12:
    resolution: {integrity: sha512-siYhgeX0DidIfHSgCR95b8xPee9enKSOjCzx7EjTLmPqPaCiVebRYvbOIYdQWRqiaKh9yfhUtFmtMOMScUf1gg==}
    cpu: [x64]
    os: [linux]
    requiresBuild: true
    dev: true
    optional: true

  /turbo-linux-arm64@1.10.12:
    resolution: {integrity: sha512-K/ZhvD9l4SslclaMkTiIrnfcACgos79YcAo4kwc8bnMQaKuUeRpM15sxLpZp3xDjDg8EY93vsKyjaOhdFG2UbA==}
    cpu: [arm64]
    os: [linux]
    requiresBuild: true
    dev: true
    optional: true

  /turbo-windows-64@1.10.12:
    resolution: {integrity: sha512-7FSgSwvktWDNOqV65l9AbZwcoueAILeE4L7JvjauNASAjjbuzXGCEq5uN8AQU3U5BOFj4TdXrVmO2dX+lLu8Zg==}
    cpu: [x64]
    os: [win32]
    requiresBuild: true
    dev: true
    optional: true

  /turbo-windows-arm64@1.10.12:
    resolution: {integrity: sha512-gCNXF52dwom1HLY9ry/cneBPOKTBHhzpqhMylcyvJP0vp9zeMQQkt6yjYv+6QdnmELC92CtKNp2FsNZo+z0pyw==}
    cpu: [arm64]
    os: [win32]
    requiresBuild: true
    dev: true
    optional: true

  /turbo@1.10.12:
    resolution: {integrity: sha512-WM3+jTfQWnB9W208pmP4oeehZcC6JQNlydb/ZHMRrhmQa+htGhWLCzd6Q9rLe0MwZLPpSPFV2/bN5egCLyoKjQ==}
    hasBin: true
    requiresBuild: true
    optionalDependencies:
      turbo-darwin-64: 1.10.12
      turbo-darwin-arm64: 1.10.12
      turbo-linux-64: 1.10.12
      turbo-linux-arm64: 1.10.12
      turbo-windows-64: 1.10.12
      turbo-windows-arm64: 1.10.12
    dev: true
